// !$*UTF8*$!
{
	archiveVersion = 1;
	classes = {
	};
	objectVersion = 55;
	objects = {

/* Begin PBXBuildFile section */
		F6019EED2807BAA7007EA694 /* AppDelegate.swift in Sources */ = {isa = PBXBuildFile; fileRef = F6019EEC2807BAA7007EA694 /* AppDelegate.swift */; };
		F6019EEF2807BAA7007EA694 /* SceneDelegate.swift in Sources */ = {isa = PBXBuildFile; fileRef = F6019EEE2807BAA7007EA694 /* SceneDelegate.swift */; };
		F6019EF12807BAA7007EA694 /* TodoListViewController.swift in Sources */ = {isa = PBXBuildFile; fileRef = F6019EF02807BAA7007EA694 /* TodoListViewController.swift */; };
		F6019EF42807BAA7007EA694 /* Main.storyboard in Resources */ = {isa = PBXBuildFile; fileRef = F6019EF22807BAA7007EA694 /* Main.storyboard */; };
		F6019EF62807BAAD007EA694 /* Assets.xcassets in Resources */ = {isa = PBXBuildFile; fileRef = F6019EF52807BAAD007EA694 /* Assets.xcassets */; };
		F6019EF92807BAAD007EA694 /* LaunchScreen.storyboard in Resources */ = {isa = PBXBuildFile; fileRef = F6019EF72807BAAD007EA694 /* LaunchScreen.storyboard */; };
		F61FBD7F280A6BA1001CAC93 /* CategoryTableViewController.swift in Sources */ = {isa = PBXBuildFile; fileRef = F61FBD7E280A6BA1001CAC93 /* CategoryTableViewController.swift */; };
		F6297021280BB8E000B13E0B /* Realm in Frameworks */ = {isa = PBXBuildFile; productRef = F6297020280BB8E000B13E0B /* Realm */; };
		F6297023280BB8E000B13E0B /* RealmSwift in Frameworks */ = {isa = PBXBuildFile; productRef = F6297022280BB8E000B13E0B /* RealmSwift */; };
		F6297025280BB9E200B13E0B /* Item.swift in Sources */ = {isa = PBXBuildFile; fileRef = F6297024280BB9E200B13E0B /* Item.swift */; };
		F6297027280BBDC100B13E0B /* Category.swift in Sources */ = {isa = PBXBuildFile; fileRef = F6297026280BBDC100B13E0B /* Category.swift */; };
		F6F3CA9C280D032A0022042A /* SwipeCellKit in Frameworks */ = {isa = PBXBuildFile; productRef = F6F3CA9B280D032A0022042A /* SwipeCellKit */; };
		F6F3CA9E280D0FAE0022042A /* SwipeTableViewController.swift in Sources */ = {isa = PBXBuildFile; fileRef = F6F3CA9D280D0FAE0022042A /* SwipeTableViewController.swift */; };
/* End PBXBuildFile section */

/* Begin PBXFileReference section */
		F6019EE92807BAA7007EA694 /* Todo App.app */ = {isa = PBXFileReference; explicitFileType = wrapper.application; includeInIndex = 0; path = "Todo App.app"; sourceTree = BUILT_PRODUCTS_DIR; };
		F6019EEC2807BAA7007EA694 /* AppDelegate.swift */ = {isa = PBXFileReference; lastKnownFileType = sourcecode.swift; path = AppDelegate.swift; sourceTree = "<group>"; };
		F6019EEE2807BAA7007EA694 /* SceneDelegate.swift */ = {isa = PBXFileReference; lastKnownFileType = sourcecode.swift; path = SceneDelegate.swift; sourceTree = "<group>"; };
		F6019EF02807BAA7007EA694 /* TodoListViewController.swift */ = {isa = PBXFileReference; lastKnownFileType = sourcecode.swift; path = TodoListViewController.swift; sourceTree = "<group>"; };
		F6019EF32807BAA7007EA694 /* Base */ = {isa = PBXFileReference; lastKnownFileType = file.storyboard; name = Base; path = Base.lproj/Main.storyboard; sourceTree = "<group>"; };
		F6019EF52807BAAD007EA694 /* Assets.xcassets */ = {isa = PBXFileReference; lastKnownFileType = folder.assetcatalog; path = Assets.xcassets; sourceTree = "<group>"; };
		F6019EF82807BAAD007EA694 /* Base */ = {isa = PBXFileReference; lastKnownFileType = file.storyboard; name = Base; path = Base.lproj/LaunchScreen.storyboard; sourceTree = "<group>"; };
		F6019EFA2807BAAD007EA694 /* Info.plist */ = {isa = PBXFileReference; lastKnownFileType = text.plist.xml; path = Info.plist; sourceTree = "<group>"; };
		F61FBD7E280A6BA1001CAC93 /* CategoryTableViewController.swift */ = {isa = PBXFileReference; lastKnownFileType = sourcecode.swift; path = CategoryTableViewController.swift; sourceTree = "<group>"; };
		F6297024280BB9E200B13E0B /* Item.swift */ = {isa = PBXFileReference; lastKnownFileType = sourcecode.swift; path = Item.swift; sourceTree = "<group>"; };
		F6297026280BBDC100B13E0B /* Category.swift */ = {isa = PBXFileReference; lastKnownFileType = sourcecode.swift; path = Category.swift; sourceTree = "<group>"; };
		F6F3CA9D280D0FAE0022042A /* SwipeTableViewController.swift */ = {isa = PBXFileReference; lastKnownFileType = sourcecode.swift; path = SwipeTableViewController.swift; sourceTree = "<group>"; };
/* End PBXFileReference section */

/* Begin PBXFrameworksBuildPhase section */
		F6019EE62807BAA7007EA694 /* Frameworks */ = {
			isa = PBXFrameworksBuildPhase;
			buildActionMask = 2147483647;
			files = (
				F6297023280BB8E000B13E0B /* RealmSwift in Frameworks */,
				F6F3CA9C280D032A0022042A /* SwipeCellKit in Frameworks */,
				F6297021280BB8E000B13E0B /* Realm in Frameworks */,
			);
			runOnlyForDeploymentPostprocessing = 0;
		};
/* End PBXFrameworksBuildPhase section */

/* Begin PBXGroup section */
		F6019EE02807BAA7007EA694 = {
			isa = PBXGroup;
			children = (
				F6019EEB2807BAA7007EA694 /* Todo App */,
				F6019EEA2807BAA7007EA694 /* Products */,
			);
			sourceTree = "<group>";
		};
		F6019EEA2807BAA7007EA694 /* Products */ = {
			isa = PBXGroup;
			children = (
				F6019EE92807BAA7007EA694 /* Todo App.app */,
			);
			name = Products;
			sourceTree = "<group>";
		};
		F6019EEB2807BAA7007EA694 /* Todo App */ = {
			isa = PBXGroup;
			children = (
				F6019EEC2807BAA7007EA694 /* AppDelegate.swift */,
				F6019EEE2807BAA7007EA694 /* SceneDelegate.swift */,
				F6019F022807D08A007EA694 /* Controller */,
				F6019F032807D0AF007EA694 /* Data Model */,
				F6019F042807D0BD007EA694 /* View */,
				F6019F052807D0DF007EA694 /* Suporting files */,
				F6019EFA2807BAAD007EA694 /* Info.plist */,
			);
			path = "Todo App";
			sourceTree = "<group>";
		};
		F6019F022807D08A007EA694 /* Controller */ = {
			isa = PBXGroup;
			children = (
				F6019EF02807BAA7007EA694 /* TodoListViewController.swift */,
				F61FBD7E280A6BA1001CAC93 /* CategoryTableViewController.swift */,
				F6F3CA9D280D0FAE0022042A /* SwipeTableViewController.swift */,
			);
			path = Controller;
			sourceTree = "<group>";
		};
		F6019F032807D0AF007EA694 /* Data Model */ = {
			isa = PBXGroup;
			children = (
				F6297024280BB9E200B13E0B /* Item.swift */,
				F6297026280BBDC100B13E0B /* Category.swift */,
			);
			path = "Data Model";
			sourceTree = "<group>";
		};
		F6019F042807D0BD007EA694 /* View */ = {
			isa = PBXGroup;
			children = (
				F6019EF22807BAA7007EA694 /* Main.storyboard */,
			);
			path = View;
			sourceTree = "<group>";
		};
		F6019F052807D0DF007EA694 /* Suporting files */ = {
			isa = PBXGroup;
			children = (
				F6019EF52807BAAD007EA694 /* Assets.xcassets */,
				F6019EF72807BAAD007EA694 /* LaunchScreen.storyboard */,
			);
			path = "Suporting files";
			sourceTree = "<group>";
		};
/* End PBXGroup section */

/* Begin PBXNativeTarget section */
		F6019EE82807BAA7007EA694 /* Todo App */ = {
			isa = PBXNativeTarget;
			buildConfigurationList = F6019EFD2807BAAD007EA694 /* Build configuration list for PBXNativeTarget "Todo App" */;
			buildPhases = (
				F6019EE52807BAA7007EA694 /* Sources */,
				F6019EE62807BAA7007EA694 /* Frameworks */,
				F6019EE72807BAA7007EA694 /* Resources */,
			);
			buildRules = (
			);
			dependencies = (
			);
			name = "Todo App";
			packageProductDependencies = (
				F6297020280BB8E000B13E0B /* Realm */,
				F6297022280BB8E000B13E0B /* RealmSwift */,
				F6F3CA9B280D032A0022042A /* SwipeCellKit */,
			);
			productName = "Todo App";
			productReference = F6019EE92807BAA7007EA694 /* Todo App.app */;
			productType = "com.apple.product-type.application";
		};
/* End PBXNativeTarget section */

/* Begin PBXProject section */
		F6019EE12807BAA7007EA694 /* Project object */ = {
			isa = PBXProject;
			attributes = {
				BuildIndependentTargetsInParallel = 1;
				LastSwiftUpdateCheck = 1330;
				LastUpgradeCheck = 1330;
				TargetAttributes = {
					F6019EE82807BAA7007EA694 = {
						CreatedOnToolsVersion = 13.3;
					};
				};
			};
			buildConfigurationList = F6019EE42807BAA7007EA694 /* Build configuration list for PBXProject "Todo App" */;
			compatibilityVersion = "Xcode 13.0";
			developmentRegion = en;
			hasScannedForEncodings = 0;
			knownRegions = (
				en,
				Base,
			);
			mainGroup = F6019EE02807BAA7007EA694;
			packageReferences = (
				F629701F280BB8E000B13E0B /* XCRemoteSwiftPackageReference "realm-swift" */,
				F6F3CA9A280D032A0022042A /* XCRemoteSwiftPackageReference "SwipeCellKit" */,
			);
			productRefGroup = F6019EEA2807BAA7007EA694 /* Products */;
			projectDirPath = "";
			projectRoot = "";
			targets = (
				F6019EE82807BAA7007EA694 /* Todo App */,
			);
		};
/* End PBXProject section */

/* Begin PBXResourcesBuildPhase section */
		F6019EE72807BAA7007EA694 /* Resources */ = {
			isa = PBXResourcesBuildPhase;
			buildActionMask = 2147483647;
			files = (
				F6019EF92807BAAD007EA694 /* LaunchScreen.storyboard in Resources */,
				F6019EF62807BAAD007EA694 /* Assets.xcassets in Resources */,
				F6019EF42807BAA7007EA694 /* Main.storyboard in Resources */,
			);
			runOnlyForDeploymentPostprocessing = 0;
		};
/* End PBXResourcesBuildPhase section */

/* Begin PBXSourcesBuildPhase section */
		F6019EE52807BAA7007EA694 /* Sources */ = {
			isa = PBXSourcesBuildPhase;
			buildActionMask = 2147483647;
			files = (
				F6019EF12807BAA7007EA694 /* TodoListViewController.swift in Sources */,
				F6297025280BB9E200B13E0B /* Item.swift in Sources */,
				F61FBD7F280A6BA1001CAC93 /* CategoryTableViewController.swift in Sources */,
				F6F3CA9E280D0FAE0022042A /* SwipeTableViewController.swift in Sources */,
				F6019EED2807BAA7007EA694 /* AppDelegate.swift in Sources */,
				F6019EEF2807BAA7007EA694 /* SceneDelegate.swift in Sources */,
				F6297027280BBDC100B13E0B /* Category.swift in Sources */,
			);
			runOnlyForDeploymentPostprocessing = 0;
		};
/* End PBXSourcesBuildPhase section */

/* Begin PBXVariantGroup section */
		F6019EF22807BAA7007EA694 /* Main.storyboard */ = {
			isa = PBXVariantGroup;
			children = (
				F6019EF32807BAA7007EA694 /* Base */,
			);
			name = Main.storyboard;
			sourceTree = "<group>";
		};
		F6019EF72807BAAD007EA694 /* LaunchScreen.storyboard */ = {
			isa = PBXVariantGroup;
			children = (
				F6019EF82807BAAD007EA694 /* Base */,
			);
			name = LaunchScreen.storyboard;
			sourceTree = "<group>";
		};
/* End PBXVariantGroup section */

/* Begin XCBuildConfiguration section */
		F6019EFB2807BAAD007EA694 /* Debug */ = {
			isa = XCBuildConfiguration;
			buildSettings = {
				ALWAYS_SEARCH_USER_PATHS = NO;
				CLANG_ANALYZER_NONNULL = YES;
				CLANG_ANALYZER_NUMBER_OBJECT_CONVERSION = YES_AGGRESSIVE;
				CLANG_CXX_LANGUAGE_STANDARD = "gnu++17";
				CLANG_ENABLE_MODULES = YES;
				CLANG_ENABLE_OBJC_ARC = YES;
				CLANG_ENABLE_OBJC_WEAK = YES;
				CLANG_WARN_BLOCK_CAPTURE_AUTORELEASING = YES;
				CLANG_WARN_BOOL_CONVERSION = YES;
				CLANG_WARN_COMMA = YES;
				CLANG_WARN_CONSTANT_CONVERSION = YES;
				CLANG_WARN_DEPRECATED_OBJC_IMPLEMENTATIONS = YES;
				CLANG_WARN_DIRECT_OBJC_ISA_USAGE = YES_ERROR;
				CLANG_WARN_DOCUMENTATION_COMMENTS = YES;
				CLANG_WARN_EMPTY_BODY = YES;
				CLANG_WARN_ENUM_CONVERSION = YES;
				CLANG_WARN_INFINITE_RECURSION = YES;
				CLANG_WARN_INT_CONVERSION = YES;
				CLANG_WARN_NON_LITERAL_NULL_CONVERSION = YES;
				CLANG_WARN_OBJC_IMPLICIT_RETAIN_SELF = YES;
				CLANG_WARN_OBJC_LITERAL_CONVERSION = YES;
				CLANG_WARN_OBJC_ROOT_CLASS = YES_ERROR;
				CLANG_WARN_QUOTED_INCLUDE_IN_FRAMEWORK_HEADER = YES;
				CLANG_WARN_RANGE_LOOP_ANALYSIS = YES;
				CLANG_WARN_STRICT_PROTOTYPES = YES;
				CLANG_WARN_SUSPICIOUS_MOVE = YES;
				CLANG_WARN_UNGUARDED_AVAILABILITY = YES_AGGRESSIVE;
				CLANG_WARN_UNREACHABLE_CODE = YES;
				CLANG_WARN__DUPLICATE_METHOD_MATCH = YES;
				COPY_PHASE_STRIP = NO;
				DEBUG_INFORMATION_FORMAT = dwarf;
				ENABLE_STRICT_OBJC_MSGSEND = YES;
				ENABLE_TESTABILITY = YES;
				GCC_C_LANGUAGE_STANDARD = gnu11;
				GCC_DYNAMIC_NO_PIC = NO;
				GCC_NO_COMMON_BLOCKS = YES;
				GCC_OPTIMIZATION_LEVEL = 0;
				GCC_PREPROCESSOR_DEFINITIONS = (
					"DEBUG=1",
					"$(inherited)",
				);
				GCC_WARN_64_TO_32_BIT_CONVERSION = YES;
				GCC_WARN_ABOUT_RETURN_TYPE = YES_ERROR;
				GCC_WARN_UNDECLARED_SELECTOR = YES;
				GCC_WARN_UNINITIALIZED_AUTOS = YES_AGGRESSIVE;
				GCC_WARN_UNUSED_FUNCTION = YES;
				GCC_WARN_UNUSED_VARIABLE = YES;
				IPHONEOS_DEPLOYMENT_TARGET = 15.4;
				MTL_ENABLE_DEBUG_INFO = INCLUDE_SOURCE;
				MTL_FAST_MATH = YES;
				ONLY_ACTIVE_ARCH = YES;
				SDKROOT = iphoneos;
				SWIFT_ACTIVE_COMPILATION_CONDITIONS = DEBUG;
				SWIFT_OPTIMIZATION_LEVEL = "-Onone";
			};
			name = Debug;
		};
		F6019EFC2807BAAD007EA694 /* Release */ = {
			isa = XCBuildConfiguration;
			buildSettings = {
				ALWAYS_SEARCH_USER_PATHS = NO;
				CLANG_ANALYZER_NONNULL = YES;
				CLANG_ANALYZER_NUMBER_OBJECT_CONVERSION = YES_AGGRESSIVE;
				CLANG_CXX_LANGUAGE_STANDARD = "gnu++17";
				CLANG_ENABLE_MODULES = YES;
				CLANG_ENABLE_OBJC_ARC = YES;
				CLANG_ENABLE_OBJC_WEAK = YES;
				CLANG_WARN_BLOCK_CAPTURE_AUTORELEASING = YES;
				CLANG_WARN_BOOL_CONVERSION = YES;
				CLANG_WARN_COMMA = YES;
				CLANG_WARN_CONSTANT_CONVERSION = YES;
				CLANG_WARN_DEPRECATED_OBJC_IMPLEMENTATIONS = YES;
				CLANG_WARN_DIRECT_OBJC_ISA_USAGE = YES_ERROR;
				CLANG_WARN_DOCUMENTATION_COMMENTS = YES;
				CLANG_WARN_EMPTY_BODY = YES;
				CLANG_WARN_ENUM_CONVERSION = YES;
				CLANG_WARN_INFINITE_RECURSION = YES;
				CLANG_WARN_INT_CONVERSION = YES;
				CLANG_WARN_NON_LITERAL_NULL_CONVERSION = YES;
				CLANG_WARN_OBJC_IMPLICIT_RETAIN_SELF = YES;
				CLANG_WARN_OBJC_LITERAL_CONVERSION = YES;
				CLANG_WARN_OBJC_ROOT_CLASS = YES_ERROR;
				CLANG_WARN_QUOTED_INCLUDE_IN_FRAMEWORK_HEADER = YES;
				CLANG_WARN_RANGE_LOOP_ANALYSIS = YES;
				CLANG_WARN_STRICT_PROTOTYPES = YES;
				CLANG_WARN_SUSPICIOUS_MOVE = YES;
				CLANG_WARN_UNGUARDED_AVAILABILITY = YES_AGGRESSIVE;
				CLANG_WARN_UNREACHABLE_CODE = YES;
				CLANG_WARN__DUPLICATE_METHOD_MATCH = YES;
				COPY_PHASE_STRIP = NO;
				DEBUG_INFORMATION_FORMAT = "dwarf-with-dsym";
				ENABLE_NS_ASSERTIONS = NO;
				ENABLE_STRICT_OBJC_MSGSEND = YES;
				GCC_C_LANGUAGE_STANDARD = gnu11;
				GCC_NO_COMMON_BLOCKS = YES;
				GCC_WARN_64_TO_32_BIT_CONVERSION = YES;
				GCC_WARN_ABOUT_RETURN_TYPE = YES_ERROR;
				GCC_WARN_UNDECLARED_SELECTOR = YES;
				GCC_WARN_UNINITIALIZED_AUTOS = YES_AGGRESSIVE;
				GCC_WARN_UNUSED_FUNCTION = YES;
				GCC_WARN_UNUSED_VARIABLE = YES;
				IPHONEOS_DEPLOYMENT_TARGET = 15.4;
				MTL_ENABLE_DEBUG_INFO = NO;
				MTL_FAST_MATH = YES;
				SDKROOT = iphoneos;
				SWIFT_COMPILATION_MODE = wholemodule;
				SWIFT_OPTIMIZATION_LEVEL = "-O";
				VALIDATE_PRODUCT = YES;
			};
			name = Release;
		};
		F6019EFE2807BAAD007EA694 /* Debug */ = {
			isa = XCBuildConfiguration;
			buildSettings = {
				ASSETCATALOG_COMPILER_APPICON_NAME = AppIcon;
				ASSETCATALOG_COMPILER_GLOBAL_ACCENT_COLOR_NAME = AccentColor;
				CODE_SIGN_STYLE = Automatic;
				CURRENT_PROJECT_VERSION = 1;
				DEVELOPMENT_TEAM = N5B5236N46;
				GENERATE_INFOPLIST_FILE = YES;
				INFOPLIST_FILE = "Todo App/Info.plist";
				INFOPLIST_KEY_UIApplicationSupportsIndirectInputEvents = YES;
				INFOPLIST_KEY_UILaunchStoryboardName = LaunchScreen;
				INFOPLIST_KEY_UIMainStoryboardFile = Main;
				INFOPLIST_KEY_UISupportedInterfaceOrientations_iPad = "UIInterfaceOrientationPortrait UIInterfaceOrientationPortraitUpsideDown UIInterfaceOrientationLandscapeLeft UIInterfaceOrientationLandscapeRight";
				INFOPLIST_KEY_UISupportedInterfaceOrientations_iPhone = "UIInterfaceOrientationPortrait UIInterfaceOrientationLandscapeLeft UIInterfaceOrientationLandscapeRight";
				LD_RUNPATH_SEARCH_PATHS = (
					"$(inherited)",
					"@executable_path/Frameworks",
				);
				MARKETING_VERSION = 1.0;
				PRODUCT_BUNDLE_IDENTIFIER = "com.sancricca.Todo-App";
				PRODUCT_NAME = "$(TARGET_NAME)";
				SWIFT_EMIT_LOC_STRINGS = YES;
				SWIFT_VERSION = 5.0;
				TARGETED_DEVICE_FAMILY = "1,2";
			};
			name = Debug;
		};
		F6019EFF2807BAAD007EA694 /* Release */ = {
			isa = XCBuildConfiguration;
			buildSettings = {
				ASSETCATALOG_COMPILER_APPICON_NAME = AppIcon;
				ASSETCATALOG_COMPILER_GLOBAL_ACCENT_COLOR_NAME = AccentColor;
				CODE_SIGN_STYLE = Automatic;
				CURRENT_PROJECT_VERSION = 1;
				DEVELOPMENT_TEAM = N5B5236N46;
				GENERATE_INFOPLIST_FILE = YES;
				INFOPLIST_FILE = "Todo App/Info.plist";
				INFOPLIST_KEY_UIApplicationSupportsIndirectInputEvents = YES;
				INFOPLIST_KEY_UILaunchStoryboardName = LaunchScreen;
				INFOPLIST_KEY_UIMainStoryboardFile = Main;
				INFOPLIST_KEY_UISupportedInterfaceOrientations_iPad = "UIInterfaceOrientationPortrait UIInterfaceOrientationPortraitUpsideDown UIInterfaceOrientationLandscapeLeft UIInterfaceOrientationLandscapeRight";
				INFOPLIST_KEY_UISupportedInterfaceOrientations_iPhone = "UIInterfaceOrientationPortrait UIInterfaceOrientationLandscapeLeft UIInterfaceOrientationLandscapeRight";
				LD_RUNPATH_SEARCH_PATHS = (
					"$(inherited)",
					"@executable_path/Frameworks",
				);
				MARKETING_VERSION = 1.0;
				PRODUCT_BUNDLE_IDENTIFIER = "com.sancricca.Todo-App";
				PRODUCT_NAME = "$(TARGET_NAME)";
				SWIFT_EMIT_LOC_STRINGS = YES;
				SWIFT_VERSION = 5.0;
				TARGETED_DEVICE_FAMILY = "1,2";
			};
			name = Release;
		};
/* End XCBuildConfiguration section */

/* Begin XCConfigurationList section */
		F6019EE42807BAA7007EA694 /* Build configuration list for PBXProject "Todo App" */ = {
			isa = XCConfigurationList;
			buildConfigurations = (
				F6019EFB2807BAAD007EA694 /* Debug */,
				F6019EFC2807BAAD007EA694 /* Release */,
			);
			defaultConfigurationIsVisible = 0;
			defaultConfigurationName = Release;
		};
		F6019EFD2807BAAD007EA694 /* Build configuration list for PBXNativeTarget "Todo App" */ = {
			isa = XCConfigurationList;
			buildConfigurations = (
				F6019EFE2807BAAD007EA694 /* Debug */,
				F6019EFF2807BAAD007EA694 /* Release */,
			);
			defaultConfigurationIsVisible = 0;
			defaultConfigurationName = Release;
		};
/* End XCConfigurationList section */

/* Begin XCRemoteSwiftPackageReference section */
		F629701F280BB8E000B13E0B /* XCRemoteSwiftPackageReference "realm-swift" */ = {
			isa = XCRemoteSwiftPackageReference;
			repositoryURL = "https://github.com/realm/realm-swift.git";
			requirement = {
				branch = master;
				kind = branch;
			};
		};
		F6F3CA9A280D032A0022042A /* XCRemoteSwiftPackageReference "SwipeCellKit" */ = {
			isa = XCRemoteSwiftPackageReference;
			repositoryURL = "https://github.com/SwipeCellKit/SwipeCellKit.git";
			requirement = {
				kind = upToNextMajorVersion;
				minimumVersion = 2.0.0;
			};
		};
/* End XCRemoteSwiftPackageReference section */

/* Begin XCSwiftPackageProductDependency section */
		F6297020280BB8E000B13E0B /* Realm */ = {
			isa = XCSwiftPackageProductDependency;
			package = F629701F280BB8E000B13E0B /* XCRemoteSwiftPackageReference "realm-swift" */;
			productName = Realm;
		};
		F6297022280BB8E000B13E0B /* RealmSwift */ = {
			isa = XCSwiftPackageProductDependency;
			package = F629701F280BB8E000B13E0B /* XCRemoteSwiftPackageReference "realm-swift" */;
			productName = RealmSwift;
		};
		F6F3CA9B280D032A0022042A /* SwipeCellKit */ = {
			isa = XCSwiftPackageProductDependency;
			package = F6F3CA9A280D032A0022042A /* XCRemoteSwiftPackageReference "SwipeCellKit" */;
			productName = SwipeCellKit;
		};
/* End XCSwiftPackageProductDependency section */
	};
	rootObject = F6019EE12807BAA7007EA694 /* Project object */;
}
